
Microsoft Visual Studio Solution File, Format Version 12.00
# Visual Studio 15
VisualStudioVersion = 15.0.26430.14
MinimumVisualStudioVersion = 10.0.40219.1
Project("{FAE04EC0-301F-11D3-BF4B-00C04F79EFBC}") = "03. Equal Sum After Extraction", "03. Equal Sum After Extraction\03. Equal Sum After Extraction.csproj", "{B08B6E68-1F85-4EAD-8772-DFB3DAB93A11}"
EndProject
Global
	GlobalSection(SolutionConfigurationPlatforms) = preSolution
		Debug|Any CPU = Debug|Any CPU
		Release|Any CPU = Release|Any CPU
	EndGlobalSection
	GlobalSection(ProjectConfigurationPlatforms) = postSolution
		{B08B6E68-1F85-4EAD-8772-DFB3DAB93A11}.Debug|Any CPU.ActiveCfg = Debug|Any CPU
		{B08B6E68-1F85-4EAD-8772-DFB3DAB93A11}.Debug|Any CPU.Build.0 = Debug|Any CPU
		{B08B6E68-1F85-4EAD-8772-DFB3DAB93A11}.Release|Any CPU.ActiveCfg = Release|Any CPU
		{B08B6E68-1F85-4EAD-8772-DFB3DAB93A11}.Release|Any CPU.Build.0 = Release|Any CPU
	EndGlobalSection
	GlobalSection(SolutionProperties) = preSolution
		HideSolutionNode = FALSE
	EndGlobalSection
EndGlobal
