
Microsoft Visual Studio Solution File, Format Version 12.00
# Visual Studio 15
VisualStudioVersion = 15.0.26430.14
MinimumVisualStudioVersion = 10.0.40219.1
Project("{FAE04EC0-301F-11D3-BF4B-00C04F79EFBC}") = "03. Reverse Array In-place", "03. Reverse Array In-place\03. Reverse Array In-place.csproj", "{0D21F664-9C37-4FB3-A6A5-D6BA9C68AE33}"
EndProject
Global
	GlobalSection(SolutionConfigurationPlatforms) = preSolution
		Debug|Any CPU = Debug|Any CPU
		Release|Any CPU = Release|Any CPU
	EndGlobalSection
	GlobalSection(ProjectConfigurationPlatforms) = postSolution
		{0D21F664-9C37-4FB3-A6A5-D6BA9C68AE33}.Debug|Any CPU.ActiveCfg = Debug|Any CPU
		{0D21F664-9C37-4FB3-A6A5-D6BA9C68AE33}.Debug|Any CPU.Build.0 = Debug|Any CPU
		{0D21F664-9C37-4FB3-A6A5-D6BA9C68AE33}.Release|Any CPU.ActiveCfg = Release|Any CPU
		{0D21F664-9C37-4FB3-A6A5-D6BA9C68AE33}.Release|Any CPU.Build.0 = Release|Any CPU
	EndGlobalSection
	GlobalSection(SolutionProperties) = preSolution
		HideSolutionNode = FALSE
	EndGlobalSection
EndGlobal
