
Microsoft Visual Studio Solution File, Format Version 12.00
# Visual Studio 15
VisualStudioVersion = 15.0.26430.14
MinimumVisualStudioVersion = 10.0.40219.1
Project("{FAE04EC0-301F-11D3-BF4B-00C04F79EFBC}") = "06. Increment Variable", "06. Increment Variable\06. Increment Variable.csproj", "{3FDB9422-EB70-4664-8566-2A445DE18D6A}"
EndProject
Global
	GlobalSection(SolutionConfigurationPlatforms) = preSolution
		Debug|Any CPU = Debug|Any CPU
		Release|Any CPU = Release|Any CPU
	EndGlobalSection
	GlobalSection(ProjectConfigurationPlatforms) = postSolution
		{3FDB9422-EB70-4664-8566-2A445DE18D6A}.Debug|Any CPU.ActiveCfg = Debug|Any CPU
		{3FDB9422-EB70-4664-8566-2A445DE18D6A}.Debug|Any CPU.Build.0 = Debug|Any CPU
		{3FDB9422-EB70-4664-8566-2A445DE18D6A}.Release|Any CPU.ActiveCfg = Release|Any CPU
		{3FDB9422-EB70-4664-8566-2A445DE18D6A}.Release|Any CPU.Build.0 = Release|Any CPU
	EndGlobalSection
	GlobalSection(SolutionProperties) = preSolution
		HideSolutionNode = FALSE
	EndGlobalSection
EndGlobal
